
Microsoft Visual Studio Solution File, Format Version 12.00
# Visual Studio Version 17
VisualStudioVersion = 17.13.35828.75 d17.13
MinimumVisualStudioVersion = 10.0.40219.1
Project("{FAE04EC0-301F-11D3-BF4B-00C04F79EFBC}") = "Sagdieva_Matie", "Sagdieva_Matie\Sagdieva_Matie.csproj", "{AA55939D-9664-44D2-BAFA-960CF747E747}"
EndProject
Global
	GlobalSection(SolutionConfigurationPlatforms) = preSolution
		Debug|Any CPU = Debug|Any CPU
		Release|Any CPU = Release|Any CPU
	EndGlobalSection
	GlobalSection(ProjectConfigurationPlatforms) = postSolution
		{AA55939D-9664-44D2-BAFA-960CF747E747}.Debug|Any CPU.ActiveCfg = Debug|Any CPU
		{AA55939D-9664-44D2-BAFA-960CF747E747}.Debug|Any CPU.Build.0 = Debug|Any CPU
		{AA55939D-9664-44D2-BAFA-960CF747E747}.Release|Any CPU.ActiveCfg = Release|Any CPU
		{AA55939D-9664-44D2-BAFA-960CF747E747}.Release|Any CPU.Build.0 = Release|Any CPU
	EndGlobalSection
	GlobalSection(SolutionProperties) = preSolution
		HideSolutionNode = FALSE
	EndGlobalSection
	GlobalSection(ExtensibilityGlobals) = postSolution
		SolutionGuid = {A25F8E02-9CAB-4E6C-8DD1-7A8F17D9FDB5}
	EndGlobalSection
EndGlobal
